
Microsoft Visual Studio Solution File, Format Version 12.00
# Visual Studio 15
VisualStudioVersion = 15.0.28010.2026
MinimumVisualStudioVersion = 10.0.40219.1
Project("{FAE04EC0-301F-11D3-BF4B-00C04F79EFBC}") = "CustomPresenter", "CustomPresenter.csproj", "{B3015316-3A53-469B-825D-01A4F053E99E}"
EndProject
Project("{FAE04EC0-301F-11D3-BF4B-00C04F79EFBC}") = "CustomPresenterTester", "CustomPresenterTester\CustomPresenterTester\CustomPresenterTester.csproj", "{8124F206-618B-41AB-8713-C6FD692667B0}"
EndProject
Global
	GlobalSection(SolutionConfigurationPlatforms) = preSolution
		Debug|Any CPU = Debug|Any CPU
		Release|Any CPU = Release|Any CPU
	EndGlobalSection
	GlobalSection(ProjectConfigurationPlatforms) = postSolution
		{B3015316-3A53-469B-825D-01A4F053E99E}.Debug|Any CPU.ActiveCfg = Debug|Any CPU
		{B3015316-3A53-469B-825D-01A4F053E99E}.Debug|Any CPU.Build.0 = Debug|Any CPU
		{B3015316-3A53-469B-825D-01A4F053E99E}.Release|Any CPU.ActiveCfg = Release|Any CPU
		{B3015316-3A53-469B-825D-01A4F053E99E}.Release|Any CPU.Build.0 = Release|Any CPU
		{8124F206-618B-41AB-8713-C6FD692667B0}.Debug|Any CPU.ActiveCfg = Debug|Any CPU
		{8124F206-618B-41AB-8713-C6FD692667B0}.Debug|Any CPU.Build.0 = Debug|Any CPU
		{8124F206-618B-41AB-8713-C6FD692667B0}.Release|Any CPU.ActiveCfg = Release|Any CPU
		{8124F206-618B-41AB-8713-C6FD692667B0}.Release|Any CPU.Build.0 = Release|Any CPU
	EndGlobalSection
	GlobalSection(SolutionProperties) = preSolution
		HideSolutionNode = FALSE
	EndGlobalSection
	GlobalSection(ExtensibilityGlobals) = postSolution
		SolutionGuid = {DAD4605D-8719-4664-867A-26F9D0DC93E7}
	EndGlobalSection
EndGlobal
